
Microsoft Visual Studio Solution File, Format Version 12.00
# Visual Studio 2012
Project("{FAE04EC0-301F-11D3-BF4B-00C04F79EFBC}") = "List", "List\List.csproj", "{5128E1A6-3866-4F55-85FB-53DA1C02A755}"
EndProject
Global
	GlobalSection(SolutionConfigurationPlatforms) = preSolution
		Debug|x86 = Debug|x86
		Release|x86 = Release|x86
	EndGlobalSection
	GlobalSection(ProjectConfigurationPlatforms) = postSolution
		{5128E1A6-3866-4F55-85FB-53DA1C02A755}.Debug|x86.ActiveCfg = Debug|x86
		{5128E1A6-3866-4F55-85FB-53DA1C02A755}.Debug|x86.Build.0 = Debug|x86
		{5128E1A6-3866-4F55-85FB-53DA1C02A755}.Release|x86.ActiveCfg = Release|x86
		{5128E1A6-3866-4F55-85FB-53DA1C02A755}.Release|x86.Build.0 = Release|x86
	EndGlobalSection
EndGlobal
