
Microsoft Visual Studio Solution File, Format Version 12.00
# Visual Studio 2012
Project("{FAE04EC0-301F-11D3-BF4B-00C04F79EFBC}") = "danli", "danli\danli.csproj", "{DC73E989-ABBC-45CE-BC4C-FFFE3455DC35}"
EndProject
Global
	GlobalSection(SolutionConfigurationPlatforms) = preSolution
		Debug|x86 = Debug|x86
		Release|x86 = Release|x86
	EndGlobalSection
	GlobalSection(ProjectConfigurationPlatforms) = postSolution
		{DC73E989-ABBC-45CE-BC4C-FFFE3455DC35}.Debug|x86.ActiveCfg = Debug|x86
		{DC73E989-ABBC-45CE-BC4C-FFFE3455DC35}.Debug|x86.Build.0 = Debug|x86
		{DC73E989-ABBC-45CE-BC4C-FFFE3455DC35}.Release|x86.ActiveCfg = Release|x86
		{DC73E989-ABBC-45CE-BC4C-FFFE3455DC35}.Release|x86.Build.0 = Release|x86
	EndGlobalSection
EndGlobal
