
Microsoft Visual Studio Solution File, Format Version 12.00
# Visual Studio 2012
Project("{FAE04EC0-301F-11D3-BF4B-00C04F79EFBC}") = "static", "static\static.csproj", "{BA271F02-51DA-4FEA-9E6E-BB3EC6D1E3EF}"
EndProject
Global
	GlobalSection(SolutionConfigurationPlatforms) = preSolution
		Debug|x86 = Debug|x86
		Release|x86 = Release|x86
	EndGlobalSection
	GlobalSection(ProjectConfigurationPlatforms) = postSolution
		{BA271F02-51DA-4FEA-9E6E-BB3EC6D1E3EF}.Debug|x86.ActiveCfg = Debug|x86
		{BA271F02-51DA-4FEA-9E6E-BB3EC6D1E3EF}.Debug|x86.Build.0 = Debug|x86
		{BA271F02-51DA-4FEA-9E6E-BB3EC6D1E3EF}.Release|x86.ActiveCfg = Release|x86
		{BA271F02-51DA-4FEA-9E6E-BB3EC6D1E3EF}.Release|x86.Build.0 = Release|x86
	EndGlobalSection
EndGlobal
